# THIS IS AN AUTOGENERATED FILE. DO NOT EDIT THIS FILE DIRECTLY.
# yarn lockfile v1

"@babel/runtime@^7.20.0":
  version "7.20.0"
  resolved "https://registry.yarnpkg.com/@babel/runtime/-/runtime-7.20.0.tgz"
  integrity sha512-OPsW5P1zVj5r7f8wNq8s5yG8v0zJqM+M4J5W5zW1+YfM1rX8wO1BwSg2q9rOq6b0qY7q9t0L5a+qG2a9aJ5zD
